<?xml version="1.0" encoding="utf-8"?>
<Project ToolsVersion="4.0" xmlns="http://schemas.microsoft.com/developer/msbuild/2003">
  <ItemGroup>
    <Filter Include="Source Files">
      <UniqueIdentifier>{4FC737F1-C7A5-4376-A066-2A32D752A2FF}</UniqueIdentifier>
      <Extensions>cpp;c;cc;cxx;c++;cppm;ixx;def;odl;idl;hpj;bat;asm;asmx</Extensions>
    </Filter>
    <Filter Include="Header Files">
      <UniqueIdentifier>{93995380-89BD-4b04-88EB-625FBE52EBFB}</UniqueIdentifier>
      <Extensions>h;hh;hpp;hxx;h++;hm;inl;inc;ipp;xsd</Extensions>
    </Filter>
    <Filter Include="Problems_solving">
      <UniqueIdentifier>{71cf1a42-a61f-4ce9-a6a3-f7807ebd732d}</UniqueIdentifier>
    </Filter>
    <Filter Include="Courses">
      <UniqueIdentifier>{67DA6AB6-F800-4c08-8B7A-83BB121AAD01}</UniqueIdentifier>
      <Extensions>rc;ico;cur;bmp;dlg;rc2;rct;bin;rgs;gif;jpg;jpeg;jpe;resx;tiff;tif;png;wav;mfcribbon-ms</Extensions>
    </Filter>
  </ItemGroup>
  <ItemGroup>
    <ClCompile Include="App.cpp">
      <Filter>Source Files</Filter>
    </ClCompile>
    <ClCompile Include="Problem_01.cpp">
      <Filter>Problems_solving</Filter>
    </ClCompile>
    <ClCompile Include="Problem_02.cpp">
      <Filter>Problems_solving</Filter>
    </ClCompile>
    <ClCompile Include="Problem_14.cpp">
      <Filter>Problems_solving</Filter>
    </ClCompile>
    <ClCompile Include="Problem_15.cpp">
      <Filter>Problems_solving</Filter>
    </ClCompile>
    <ClCompile Include="Problem_16.cpp">
      <Filter>Problems_solving</Filter>
    </ClCompile>
    <ClCompile Include="Problem_18.cpp">
      <Filter>Problems_solving</Filter>
    </ClCompile>
    <ClCompile Include="Problem_19.cpp">
      <Filter>Problems_solving</Filter>
    </ClCompile>
    <ClCompile Include="Problem_20.cpp">
      <Filter>Problems_solving</Filter>
    </ClCompile>
    <ClCompile Include="Problem_21.cpp">
      <Filter>Problems_solving</Filter>
    </ClCompile>
    <ClCompile Include="Problem_22.cpp">
      <Filter>Problems_solving</Filter>
    </ClCompile>
    <ClCompile Include="Problem_23.cpp">
      <Filter>Problems_solving</Filter>
    </ClCompile>
    <ClCompile Include="Problem_31.cpp">
      <Filter>Problems_solving</Filter>
    </ClCompile>
    <ClCompile Include="Problem_32.cpp">
      <Filter>Problems_solving</Filter>
    </ClCompile>
    <ClCompile Include="Problem_42.cpp">
      <Filter>Problems_solving</Filter>
    </ClCompile>
    <ClCompile Include="#24_Relational_operator.cpp">
      <Filter>Courses</Filter>
    </ClCompile>
    <ClCompile Include="#27_Structure.cpp">
      <Filter>Courses</Filter>
    </ClCompile>
    <ClCompile Include="#28_Enum.cpp">
      <Filter>Courses</Filter>
    </ClCompile>
    <ClCompile Include="#31_Strings.cpp">
      <Filter>Courses</Filter>
    </ClCompile>
    <ClCompile Include="#32_Functions_Part1.cpp">
      <Filter>Courses</Filter>
    </ClCompile>
    <ClCompile Include="#34_Functions_Part2_Functions_Procedures.cpp">
      <Filter>Courses</Filter>
    </ClCompile>
    <ClCompile Include="#35_Functions_Part3_with_parameters.cpp">
      <Filter>Courses</Filter>
    </ClCompile>
    <ClCompile Include="#38_Structures_and_Functions-Re-usability.cpp">
      <Filter>Courses</Filter>
    </ClCompile>
    <ClCompile Include="#39_Arrays.cpp">
      <Filter>Courses</Filter>
    </ClCompile>
    <ClCompile Include="#40_Arrays_with_Functions.cpp">
      <Filter>Courses</Filter>
    </ClCompile>
    <ClCompile Include="#41_Arrays_of_Structure.cpp">
      <Filter>Courses</Filter>
    </ClCompile>
    <ClCompile Include="Problem_04.cpp">
      <Filter>Problems_solving</Filter>
    </ClCompile>
    <ClCompile Include="Problem_11.cpp">
      <Filter>Problems_solving</Filter>
    </ClCompile>
    <ClCompile Include="Problem_08.cpp">
      <Filter>Problems_solving</Filter>
    </ClCompile>
    <ClCompile Include="Problem_24.cpp">
      <Filter>Problems_solving</Filter>
    </ClCompile>
    <ClCompile Include="Problem_49.cpp">
      <Filter>Problems_solving</Filter>
    </ClCompile>
    <ClCompile Include="Problem_33.cpp">
      <Filter>Problems_solving</Filter>
    </ClCompile>
    <ClCompile Include="Problem_34.cpp">
      <Filter>Problems_solving</Filter>
    </ClCompile>
    <ClCompile Include="Problem_44.cpp">
      <Filter>Problems_solving</Filter>
    </ClCompile>
    <ClCompile Include="Problem_45.cpp">
      <Filter>Problems_solving</Filter>
    </ClCompile>
    <ClCompile Include="#44_Enums with IF Statements.cpp">
      <Filter>Courses</Filter>
    </ClCompile>
  </ItemGroup>
</Project>